
Microsoft Visual Studio Solution File, Format Version 12.00
# Visual Studio Version 17
VisualStudioVersion = 17.10.35013.160
MinimumVisualStudioVersion = 10.0.40219.1
Project("{9A19103F-16F7-4668-BE54-9A1E7A4F7556}") = "Core", "Core\Core.csproj", "{8A26FC44-4956-4C40-80F0-4B085D15DE96}"
EndProject
Project("{9A19103F-16F7-4668-BE54-9A1E7A4F7556}") = "Infrastructure", "Infrastructure\Infrastructure.csproj", "{6240F3D2-B050-44F4-9560-69C84EA7A160}"
EndProject
Project("{9A19103F-16F7-4668-BE54-9A1E7A4F7556}") = "Application", "Application\Application.csproj", "{76EE0784-7784-487F-A7FC-030D7FEC986E}"
EndProject
Project("{FAE04EC0-301F-11D3-BF4B-00C04F79EFBC}") = "Web", "Web\Web.csproj", "{1E0CC642-41E7-4BEB-A9AC-F5CCA1B46AF2}"
EndProject
Project("{FAE04EC0-301F-11D3-BF4B-00C04F79EFBC}") = "onion", "onion\onion.csproj", "{5D91107B-0601-498F-83A0-F839C87424E2}"
EndProject
Global
	GlobalSection(SolutionConfigurationPlatforms) = preSolution
		Debug|Any CPU = Debug|Any CPU
		Release|Any CPU = Release|Any CPU
	EndGlobalSection
	GlobalSection(ProjectConfigurationPlatforms) = postSolution
		{8A26FC44-4956-4C40-80F0-4B085D15DE96}.Debug|Any CPU.ActiveCfg = Debug|Any CPU
		{8A26FC44-4956-4C40-80F0-4B085D15DE96}.Debug|Any CPU.Build.0 = Debug|Any CPU
		{8A26FC44-4956-4C40-80F0-4B085D15DE96}.Release|Any CPU.ActiveCfg = Release|Any CPU
		{8A26FC44-4956-4C40-80F0-4B085D15DE96}.Release|Any CPU.Build.0 = Release|Any CPU
		{6240F3D2-B050-44F4-9560-69C84EA7A160}.Debug|Any CPU.ActiveCfg = Debug|Any CPU
		{6240F3D2-B050-44F4-9560-69C84EA7A160}.Debug|Any CPU.Build.0 = Debug|Any CPU
		{6240F3D2-B050-44F4-9560-69C84EA7A160}.Release|Any CPU.ActiveCfg = Release|Any CPU
		{6240F3D2-B050-44F4-9560-69C84EA7A160}.Release|Any CPU.Build.0 = Release|Any CPU
		{76EE0784-7784-487F-A7FC-030D7FEC986E}.Debug|Any CPU.ActiveCfg = Debug|Any CPU
		{76EE0784-7784-487F-A7FC-030D7FEC986E}.Debug|Any CPU.Build.0 = Debug|Any CPU
		{76EE0784-7784-487F-A7FC-030D7FEC986E}.Release|Any CPU.ActiveCfg = Release|Any CPU
		{76EE0784-7784-487F-A7FC-030D7FEC986E}.Release|Any CPU.Build.0 = Release|Any CPU
		{1E0CC642-41E7-4BEB-A9AC-F5CCA1B46AF2}.Debug|Any CPU.ActiveCfg = Debug|Any CPU
		{1E0CC642-41E7-4BEB-A9AC-F5CCA1B46AF2}.Debug|Any CPU.Build.0 = Debug|Any CPU
		{1E0CC642-41E7-4BEB-A9AC-F5CCA1B46AF2}.Release|Any CPU.ActiveCfg = Release|Any CPU
		{1E0CC642-41E7-4BEB-A9AC-F5CCA1B46AF2}.Release|Any CPU.Build.0 = Release|Any CPU
		{5D91107B-0601-498F-83A0-F839C87424E2}.Debug|Any CPU.ActiveCfg = Debug|Any CPU
		{5D91107B-0601-498F-83A0-F839C87424E2}.Debug|Any CPU.Build.0 = Debug|Any CPU
		{5D91107B-0601-498F-83A0-F839C87424E2}.Release|Any CPU.ActiveCfg = Release|Any CPU
		{5D91107B-0601-498F-83A0-F839C87424E2}.Release|Any CPU.Build.0 = Release|Any CPU
	EndGlobalSection
	GlobalSection(SolutionProperties) = preSolution
		HideSolutionNode = FALSE
	EndGlobalSection
	GlobalSection(ExtensibilityGlobals) = postSolution
		SolutionGuid = {7449E931-D9E7-4A9D-B7E3-A404EED69A57}
	EndGlobalSection
EndGlobal
